
Microsoft Visual Studio Solution File, Format Version 12.00
# Visual Studio Version 16
VisualStudioVersion = 16.0.29613.14
MinimumVisualStudioVersion = 10.0.40219.1
Project("{FAE04EC0-301F-11D3-BF4B-00C04F79EFBC}") = "BirdTinderv2.DAL", "BirdTinderv2\BirdTinderv2.DAL.csproj", "{DFA9E82F-2B24-40FD-9DE2-4340BCD08981}"
EndProject
Global
	GlobalSection(SolutionConfigurationPlatforms) = preSolution
		Debug|Any CPU = Debug|Any CPU
		Release|Any CPU = Release|Any CPU
	EndGlobalSection
	GlobalSection(ProjectConfigurationPlatforms) = postSolution
		{DFA9E82F-2B24-40FD-9DE2-4340BCD08981}.Debug|Any CPU.ActiveCfg = Debug|Any CPU
		{DFA9E82F-2B24-40FD-9DE2-4340BCD08981}.Debug|Any CPU.Build.0 = Debug|Any CPU
		{DFA9E82F-2B24-40FD-9DE2-4340BCD08981}.Release|Any CPU.ActiveCfg = Release|Any CPU
		{DFA9E82F-2B24-40FD-9DE2-4340BCD08981}.Release|Any CPU.Build.0 = Release|Any CPU
	EndGlobalSection
	GlobalSection(SolutionProperties) = preSolution
		HideSolutionNode = FALSE
	EndGlobalSection
	GlobalSection(ExtensibilityGlobals) = postSolution
		SolutionGuid = {2403838E-1FC5-4A03-8D6D-B319A05CEA4F}
	EndGlobalSection
EndGlobal
